
Microsoft Visual Studio Solution File, Format Version 12.00
# Visual Studio 15
VisualStudioVersion = 15.0.26124.0
MinimumVisualStudioVersion = 15.0.26124.0
Project("{F2A71F9B-5D33-465A-A702-920D77279786}") = "AC", "AC\AC.fsproj", "{6FCBD28E-C6EC-4A30-9909-C70B6F09F1A2}"
EndProject
Project("{F2A71F9B-5D33-465A-A702-920D77279786}") = "AC.Test", "AC.Test\AC.Test.fsproj", "{806F7419-6696-42FA-B8F3-CE5145EE7E0B}"
EndProject
Global
	GlobalSection(SolutionConfigurationPlatforms) = preSolution
		Debug|Any CPU = Debug|Any CPU
		Debug|x64 = Debug|x64
		Debug|x86 = Debug|x86
		Release|Any CPU = Release|Any CPU
		Release|x64 = Release|x64
		Release|x86 = Release|x86
	EndGlobalSection
	GlobalSection(SolutionProperties) = preSolution
		HideSolutionNode = FALSE
	EndGlobalSection
	GlobalSection(ProjectConfigurationPlatforms) = postSolution
		{6FCBD28E-C6EC-4A30-9909-C70B6F09F1A2}.Debug|Any CPU.ActiveCfg = Debug|Any CPU
		{6FCBD28E-C6EC-4A30-9909-C70B6F09F1A2}.Debug|Any CPU.Build.0 = Debug|Any CPU
		{6FCBD28E-C6EC-4A30-9909-C70B6F09F1A2}.Debug|x64.ActiveCfg = Debug|Any CPU
		{6FCBD28E-C6EC-4A30-9909-C70B6F09F1A2}.Debug|x64.Build.0 = Debug|Any CPU
		{6FCBD28E-C6EC-4A30-9909-C70B6F09F1A2}.Debug|x86.ActiveCfg = Debug|Any CPU
		{6FCBD28E-C6EC-4A30-9909-C70B6F09F1A2}.Debug|x86.Build.0 = Debug|Any CPU
		{6FCBD28E-C6EC-4A30-9909-C70B6F09F1A2}.Release|Any CPU.ActiveCfg = Release|Any CPU
		{6FCBD28E-C6EC-4A30-9909-C70B6F09F1A2}.Release|Any CPU.Build.0 = Release|Any CPU
		{6FCBD28E-C6EC-4A30-9909-C70B6F09F1A2}.Release|x64.ActiveCfg = Release|Any CPU
		{6FCBD28E-C6EC-4A30-9909-C70B6F09F1A2}.Release|x64.Build.0 = Release|Any CPU
		{6FCBD28E-C6EC-4A30-9909-C70B6F09F1A2}.Release|x86.ActiveCfg = Release|Any CPU
		{6FCBD28E-C6EC-4A30-9909-C70B6F09F1A2}.Release|x86.Build.0 = Release|Any CPU
		{806F7419-6696-42FA-B8F3-CE5145EE7E0B}.Debug|Any CPU.ActiveCfg = Debug|Any CPU
		{806F7419-6696-42FA-B8F3-CE5145EE7E0B}.Debug|Any CPU.Build.0 = Debug|Any CPU
		{806F7419-6696-42FA-B8F3-CE5145EE7E0B}.Debug|x64.ActiveCfg = Debug|Any CPU
		{806F7419-6696-42FA-B8F3-CE5145EE7E0B}.Debug|x64.Build.0 = Debug|Any CPU
		{806F7419-6696-42FA-B8F3-CE5145EE7E0B}.Debug|x86.ActiveCfg = Debug|Any CPU
		{806F7419-6696-42FA-B8F3-CE5145EE7E0B}.Debug|x86.Build.0 = Debug|Any CPU
		{806F7419-6696-42FA-B8F3-CE5145EE7E0B}.Release|Any CPU.ActiveCfg = Release|Any CPU
		{806F7419-6696-42FA-B8F3-CE5145EE7E0B}.Release|Any CPU.Build.0 = Release|Any CPU
		{806F7419-6696-42FA-B8F3-CE5145EE7E0B}.Release|x64.ActiveCfg = Release|Any CPU
		{806F7419-6696-42FA-B8F3-CE5145EE7E0B}.Release|x64.Build.0 = Release|Any CPU
		{806F7419-6696-42FA-B8F3-CE5145EE7E0B}.Release|x86.ActiveCfg = Release|Any CPU
		{806F7419-6696-42FA-B8F3-CE5145EE7E0B}.Release|x86.Build.0 = Release|Any CPU
	EndGlobalSection
EndGlobal
